
Microsoft Visual Studio Solution File, Format Version 12.00
# Visual Studio 15
VisualStudioVersion = 15.0.28010.2016
MinimumVisualStudioVersion = 10.0.40219.1
Project("{FAE04EC0-301F-11D3-BF4B-00C04F79EFBC}") = "CoalMemory", "CoalMemory\CoalMemory.csproj", "{C78061C3-9174-48F5-990B-9234BDE61B0F}"
EndProject
Global
	GlobalSection(SolutionConfigurationPlatforms) = preSolution
		Debug|Any CPU = Debug|Any CPU
		Release|Any CPU = Release|Any CPU
	EndGlobalSection
	GlobalSection(ProjectConfigurationPlatforms) = postSolution
		{C78061C3-9174-48F5-990B-9234BDE61B0F}.Debug|Any CPU.ActiveCfg = Debug|Any CPU
		{C78061C3-9174-48F5-990B-9234BDE61B0F}.Debug|Any CPU.Build.0 = Debug|Any CPU
		{C78061C3-9174-48F5-990B-9234BDE61B0F}.Release|Any CPU.ActiveCfg = Release|Any CPU
		{C78061C3-9174-48F5-990B-9234BDE61B0F}.Release|Any CPU.Build.0 = Release|Any CPU
		{2818C3FB-3206-4FBC-96A1-543C15250728}.Debug|Any CPU.ActiveCfg = Debug|Any CPU
		{2818C3FB-3206-4FBC-96A1-543C15250728}.Debug|Any CPU.Build.0 = Debug|Any CPU
		{2818C3FB-3206-4FBC-96A1-543C15250728}.Release|Any CPU.ActiveCfg = Release|Any CPU
		{2818C3FB-3206-4FBC-96A1-543C15250728}.Release|Any CPU.Build.0 = Release|Any CPU
	EndGlobalSection
	GlobalSection(SolutionProperties) = preSolution
		HideSolutionNode = FALSE
	EndGlobalSection
	GlobalSection(ExtensibilityGlobals) = postSolution
		SolutionGuid = {879FC91C-D002-430A-9B7D-2C6DFA54EBF6}
	EndGlobalSection
EndGlobal
